
Microsoft Visual Studio Solution File, Format Version 12.00
# Visual Studio Version 17
VisualStudioVersion = 17.3.32922.545
MinimumVisualStudioVersion = 10.0.40219.1
Project("{9A19103F-16F7-4668-BE54-9A1E7A4F7556}") = "Stage0", "Stage0\Stage0.csproj", "{B5FE65D6-A511-4099-AA7C-6012AC75B170}"
EndProject
Project("{2150E333-8FDC-42A3-9474-1A3956D46DE8}") = "Solution Items", "Solution Items", "{B1BFDCE6-52D9-4A10-8A24-2D9286AD79E5}"
	ProjectSection(SolutionItems) = preProject
		Program5840.cs = Program5840.cs
		README.md = README.md
	EndProjectSection
EndProject
Global
	GlobalSection(SolutionConfigurationPlatforms) = preSolution
		Debug|Any CPU = Debug|Any CPU
		Release|Any CPU = Release|Any CPU
	EndGlobalSection
	GlobalSection(ProjectConfigurationPlatforms) = postSolution
		{B5FE65D6-A511-4099-AA7C-6012AC75B170}.Debug|Any CPU.ActiveCfg = Debug|Any CPU
		{B5FE65D6-A511-4099-AA7C-6012AC75B170}.Debug|Any CPU.Build.0 = Debug|Any CPU
		{B5FE65D6-A511-4099-AA7C-6012AC75B170}.Release|Any CPU.ActiveCfg = Release|Any CPU
		{B5FE65D6-A511-4099-AA7C-6012AC75B170}.Release|Any CPU.Build.0 = Release|Any CPU
	EndGlobalSection
	GlobalSection(SolutionProperties) = preSolution
		HideSolutionNode = FALSE
	EndGlobalSection
	GlobalSection(ExtensibilityGlobals) = postSolution
		SolutionGuid = {9BC30E59-C3B6-47D2-81B6-E9B5A672BA1B}
	EndGlobalSection
EndGlobal
